// !$*UTF8*$!
{
	archiveVersion = 1;
	classes = {
	};
	objectVersion = 45;
	objects = {

/* Begin PBXBuildFile section */
		1D3623260D0F684500981E51 /* FrittRegnskapAppDelegate.m in Sources */ = {isa = PBXBuildFile; fileRef = 1D3623250D0F684500981E51 /* FrittRegnskapAppDelegate.m */; };
		1D60589B0D05DD56006BFB54 /* main.m in Sources */ = {isa = PBXBuildFile; fileRef = 29B97316FDCFA39411CA2CEA /* main.m */; };
		1D60589F0D05DD5A006BFB54 /* Foundation.framework in Frameworks */ = {isa = PBXBuildFile; fileRef = 1D30AB110D05D00D00671497 /* Foundation.framework */; };
		1DF5F4E00D08C38300B7A737 /* UIKit.framework in Frameworks */ = {isa = PBXBuildFile; fileRef = 1DF5F4DF0D08C38300B7A737 /* UIKit.framework */; };
		288765A50DF7441C002DB57D /* CoreGraphics.framework in Frameworks */ = {isa = PBXBuildFile; fileRef = 288765A40DF7441C002DB57D /* CoreGraphics.framework */; };
		28AD733F0D9D9553002E5188 /* MainWindow.xib in Resources */ = {isa = PBXBuildFile; fileRef = 28AD733E0D9D9553002E5188 /* MainWindow.xib */; };
		9F53EF54121F225200889A15 /* MembersViewUIController.m in Sources */ = {isa = PBXBuildFile; fileRef = 9F53EF53121F225200889A15 /* MembersViewUIController.m */; };
		9F581501120EC21B00C2D93D /* MainView.m in Sources */ = {isa = PBXBuildFile; fileRef = 9F581500120EC21B00C2D93D /* MainView.m */; };
		9F6FAEB012188F55000CDC17 /* go-next.png in Resources */ = {isa = PBXBuildFile; fileRef = 9F6FAEAE12188F55000CDC17 /* go-next.png */; };
		9F6FAEB112188F55000CDC17 /* go-previous.png in Resources */ = {isa = PBXBuildFile; fileRef = 9F6FAEAF12188F55000CDC17 /* go-previous.png */; };
		9F924A9112100A8A007DB7F1 /* NSObject+SBJSON.m in Sources */ = {isa = PBXBuildFile; fileRef = 9F924A8812100A8A007DB7F1 /* NSObject+SBJSON.m */; };
		9F924A9212100A8A007DB7F1 /* NSString+SBJSON.m in Sources */ = {isa = PBXBuildFile; fileRef = 9F924A8A12100A8A007DB7F1 /* NSString+SBJSON.m */; };
		9F924A9312100A8A007DB7F1 /* SBJsonBase.m in Sources */ = {isa = PBXBuildFile; fileRef = 9F924A8C12100A8A007DB7F1 /* SBJsonBase.m */; };
		9F924A9412100A8A007DB7F1 /* SBJsonParser.m in Sources */ = {isa = PBXBuildFile; fileRef = 9F924A8E12100A8A007DB7F1 /* SBJsonParser.m */; };
		9F924A9512100A8A007DB7F1 /* SBJsonWriter.m in Sources */ = {isa = PBXBuildFile; fileRef = 9F924A9012100A8A007DB7F1 /* SBJsonWriter.m */; };
		9F924B921211A3AB007DB7F1 /* FrittRegnskap.xcdatamodel in Sources */ = {isa = PBXBuildFile; fileRef = 9F924B911211A3AB007DB7F1 /* FrittRegnskap.xcdatamodel */; };
		9F924C3E121311B5007DB7F1 /* FrittRegnskapViewController.m in Sources */ = {isa = PBXBuildFile; fileRef = 9F924C3D121311B5007DB7F1 /* FrittRegnskapViewController.m */; };
		9F924CCB121328D3007DB7F1 /* CoreData.framework in Frameworks */ = {isa = PBXBuildFile; fileRef = 9F924CCA121328D3007DB7F1 /* CoreData.framework */; };
		9F9698A112175371003E0CC0 /* PersonDetailsUIController.m in Sources */ = {isa = PBXBuildFile; fileRef = 9F9698A012175371003E0CC0 /* PersonDetailsUIController.m */; };
		9FA34AA112173DEF001F52C6 /* PersonUIViewController.m in Sources */ = {isa = PBXBuildFile; fileRef = 9FA34A9F12173DEF001F52C6 /* PersonUIViewController.m */; };
		9FBEC3F6120F3F780078170A /* SetupView.m in Sources */ = {isa = PBXBuildFile; fileRef = 9FBEC3F5120F3F780078170A /* SetupView.m */; };
		9FC5988E12132AF600273FCC /* SemesterMembership.m in Sources */ = {isa = PBXBuildFile; fileRef = 9FC5988712132AF600273FCC /* SemesterMembership.m */; };
		9FC5988F12132AF600273FCC /* Person.m in Sources */ = {isa = PBXBuildFile; fileRef = 9FC5988912132AF600273FCC /* Person.m */; };
		9FC5989012132AF600273FCC /* Semester.m in Sources */ = {isa = PBXBuildFile; fileRef = 9FC5988B12132AF600273FCC /* Semester.m */; };
		9FC5989112132AF600273FCC /* YearMembership.m in Sources */ = {isa = PBXBuildFile; fileRef = 9FC5988D12132AF600273FCC /* YearMembership.m */; };
		9FC59B30121469EE00273FCC /* FrittRegnskap.xcdatamodel in Sources */ = {isa = PBXBuildFile; fileRef = 9FC59B2F121469EE00273FCC /* FrittRegnskap.xcdatamodel */; };
		9FC59CB41215A98000273FCC /* 19-gear.png in Resources */ = {isa = PBXBuildFile; fileRef = 9FC59CB31215A98000273FCC /* 19-gear.png */; };
		9FC59CB61215A9AD00273FCC /* FrittRegnskapIcon.png in Resources */ = {isa = PBXBuildFile; fileRef = 9FC59CB51215A9AD00273FCC /* FrittRegnskapIcon.png */; };
		9FC59D6B1215C35300273FCC /* PersonView.m in Sources */ = {isa = PBXBuildFile; fileRef = 9FC59D691215C35300273FCC /* PersonView.m */; };
/* End PBXBuildFile section */

/* Begin PBXFileReference section */
		1D30AB110D05D00D00671497 /* Foundation.framework */ = {isa = PBXFileReference; lastKnownFileType = wrapper.framework; name = Foundation.framework; path = System/Library/Frameworks/Foundation.framework; sourceTree = SDKROOT; };
		1D3623240D0F684500981E51 /* FrittRegnskapAppDelegate.h */ = {isa = PBXFileReference; fileEncoding = 4; lastKnownFileType = sourcecode.c.h; name = FrittRegnskapAppDelegate.h; path = Classes/FrittRegnskapAppDelegate.h; sourceTree = "<group>"; };
		1D3623250D0F684500981E51 /* FrittRegnskapAppDelegate.m */ = {isa = PBXFileReference; fileEncoding = 4; lastKnownFileType = sourcecode.c.objc; name = FrittRegnskapAppDelegate.m; path = Classes/FrittRegnskapAppDelegate.m; sourceTree = "<group>"; };
		1D6058910D05DD3D006BFB54 /* FrittRegnskap.app */ = {isa = PBXFileReference; explicitFileType = wrapper.application; includeInIndex = 0; path = FrittRegnskap.app; sourceTree = BUILT_PRODUCTS_DIR; };
		1DF5F4DF0D08C38300B7A737 /* UIKit.framework */ = {isa = PBXFileReference; lastKnownFileType = wrapper.framework; name = UIKit.framework; path = System/Library/Frameworks/UIKit.framework; sourceTree = SDKROOT; };
		288765A40DF7441C002DB57D /* CoreGraphics.framework */ = {isa = PBXFileReference; lastKnownFileType = wrapper.framework; name = CoreGraphics.framework; path = System/Library/Frameworks/CoreGraphics.framework; sourceTree = SDKROOT; };
		28AD733E0D9D9553002E5188 /* MainWindow.xib */ = {isa = PBXFileReference; lastKnownFileType = file.xib; path = MainWindow.xib; sourceTree = "<group>"; };
		29B97316FDCFA39411CA2CEA /* main.m */ = {isa = PBXFileReference; fileEncoding = 4; lastKnownFileType = sourcecode.c.objc; path = main.m; sourceTree = "<group>"; };
		32CA4F630368D1EE00C91783 /* FrittRegnskap_Prefix.pch */ = {isa = PBXFileReference; fileEncoding = 4; lastKnownFileType = sourcecode.c.h; path = FrittRegnskap_Prefix.pch; sourceTree = "<group>"; };
		8D1107310486CEB800E47090 /* FrittRegnskap-Info.plist */ = {isa = PBXFileReference; fileEncoding = 4; lastKnownFileType = text.plist.xml; path = "FrittRegnskap-Info.plist"; plistStructureDefinitionIdentifier = "com.apple.xcode.plist.structure-definition.iphone.info-plist"; sourceTree = "<group>"; };
		9F53EF52121F225200889A15 /* MembersViewUIController.h */ = {isa = PBXFileReference; fileEncoding = 4; lastKnownFileType = sourcecode.c.h; name = MembersViewUIController.h; path = Classes/MembersViewUIController.h; sourceTree = "<group>"; };
		9F53EF53121F225200889A15 /* MembersViewUIController.m */ = {isa = PBXFileReference; fileEncoding = 4; lastKnownFileType = sourcecode.c.objc; name = MembersViewUIController.m; path = Classes/MembersViewUIController.m; sourceTree = "<group>"; };
		9F5814FF120EC21B00C2D93D /* MainView.h */ = {isa = PBXFileReference; fileEncoding = 4; lastKnownFileType = sourcecode.c.h; name = MainView.h; path = Classes/MainView.h; sourceTree = "<group>"; };
		9F581500120EC21B00C2D93D /* MainView.m */ = {isa = PBXFileReference; fileEncoding = 4; lastKnownFileType = sourcecode.c.objc; name = MainView.m; path = Classes/MainView.m; sourceTree = "<group>"; };
		9F6FAEAE12188F55000CDC17 /* go-next.png */ = {isa = PBXFileReference; lastKnownFileType = image.png; path = "go-next.png"; sourceTree = "<group>"; };
		9F6FAEAF12188F55000CDC17 /* go-previous.png */ = {isa = PBXFileReference; lastKnownFileType = image.png; path = "go-previous.png"; sourceTree = "<group>"; };
		9F924A8612100A8A007DB7F1 /* JSON.h */ = {isa = PBXFileReference; fileEncoding = 4; lastKnownFileType = sourcecode.c.h; path = JSON.h; sourceTree = "<group>"; };
		9F924A8712100A8A007DB7F1 /* NSObject+SBJSON.h */ = {isa = PBXFileReference; fileEncoding = 4; lastKnownFileType = sourcecode.c.h; path = "NSObject+SBJSON.h"; sourceTree = "<group>"; };
		9F924A8812100A8A007DB7F1 /* NSObject+SBJSON.m */ = {isa = PBXFileReference; fileEncoding = 4; lastKnownFileType = sourcecode.c.objc; path = "NSObject+SBJSON.m"; sourceTree = "<group>"; };
		9F924A8912100A8A007DB7F1 /* NSString+SBJSON.h */ = {isa = PBXFileReference; fileEncoding = 4; lastKnownFileType = sourcecode.c.h; path = "NSString+SBJSON.h"; sourceTree = "<group>"; };
		9F924A8A12100A8A007DB7F1 /* NSString+SBJSON.m */ = {isa = PBXFileReference; fileEncoding = 4; lastKnownFileType = sourcecode.c.objc; path = "NSString+SBJSON.m"; sourceTree = "<group>"; };
		9F924A8B12100A8A007DB7F1 /* SBJsonBase.h */ = {isa = PBXFileReference; fileEncoding = 4; lastKnownFileType = sourcecode.c.h; path = SBJsonBase.h; sourceTree = "<group>"; };
		9F924A8C12100A8A007DB7F1 /* SBJsonBase.m */ = {isa = PBXFileReference; fileEncoding = 4; lastKnownFileType = sourcecode.c.objc; path = SBJsonBase.m; sourceTree = "<group>"; };
		9F924A8D12100A8A007DB7F1 /* SBJsonParser.h */ = {isa = PBXFileReference; fileEncoding = 4; lastKnownFileType = sourcecode.c.h; path = SBJsonParser.h; sourceTree = "<group>"; };
		9F924A8E12100A8A007DB7F1 /* SBJsonParser.m */ = {isa = PBXFileReference; fileEncoding = 4; lastKnownFileType = sourcecode.c.objc; path = SBJsonParser.m; sourceTree = "<group>"; };
		9F924A8F12100A8A007DB7F1 /* SBJsonWriter.h */ = {isa = PBXFileReference; fileEncoding = 4; lastKnownFileType = sourcecode.c.h; path = SBJsonWriter.h; sourceTree = "<group>"; };
		9F924A9012100A8A007DB7F1 /* SBJsonWriter.m */ = {isa = PBXFileReference; fileEncoding = 4; lastKnownFileType = sourcecode.c.objc; path = SBJsonWriter.m; sourceTree = "<group>"; };
		9F924B911211A3AB007DB7F1 /* FrittRegnskap.xcdatamodel */ = {isa = PBXFileReference; fileEncoding = 4; lastKnownFileType = wrapper.xcdatamodel; path = FrittRegnskap.xcdatamodel; sourceTree = "<group>"; };
		9F924C3C121311B5007DB7F1 /* FrittRegnskapViewController.h */ = {isa = PBXFileReference; fileEncoding = 4; lastKnownFileType = sourcecode.c.h; name = FrittRegnskapViewController.h; path = Classes/FrittRegnskapViewController.h; sourceTree = "<group>"; };
		9F924C3D121311B5007DB7F1 /* FrittRegnskapViewController.m */ = {isa = PBXFileReference; fileEncoding = 4; lastKnownFileType = sourcecode.c.objc; name = FrittRegnskapViewController.m; path = Classes/FrittRegnskapViewController.m; sourceTree = "<group>"; };
		9F924CCA121328D3007DB7F1 /* CoreData.framework */ = {isa = PBXFileReference; lastKnownFileType = wrapper.framework; name = CoreData.framework; path = System/Library/Frameworks/CoreData.framework; sourceTree = SDKROOT; };
		9F96989F12175371003E0CC0 /* PersonDetailsUIController.h */ = {isa = PBXFileReference; fileEncoding = 4; lastKnownFileType = sourcecode.c.h; name = PersonDetailsUIController.h; path = Classes/PersonDetailsUIController.h; sourceTree = "<group>"; };
		9F9698A012175371003E0CC0 /* PersonDetailsUIController.m */ = {isa = PBXFileReference; fileEncoding = 4; lastKnownFileType = sourcecode.c.objc; name = PersonDetailsUIController.m; path = Classes/PersonDetailsUIController.m; sourceTree = "<group>"; };
		9FA34A9F12173DEF001F52C6 /* PersonUIViewController.m */ = {isa = PBXFileReference; fileEncoding = 4; lastKnownFileType = sourcecode.c.objc; name = PersonUIViewController.m; path = Classes/PersonUIViewController.m; sourceTree = "<group>"; };
		9FA34AA012173DEF001F52C6 /* PersonUIViewController.h */ = {isa = PBXFileReference; fileEncoding = 4; lastKnownFileType = sourcecode.c.h; name = PersonUIViewController.h; path = Classes/PersonUIViewController.h; sourceTree = "<group>"; };
		9FBEC3F4120F3F780078170A /* SetupView.h */ = {isa = PBXFileReference; fileEncoding = 4; lastKnownFileType = sourcecode.c.h; name = SetupView.h; path = Classes/SetupView.h; sourceTree = "<group>"; };
		9FBEC3F5120F3F780078170A /* SetupView.m */ = {isa = PBXFileReference; fileEncoding = 4; lastKnownFileType = sourcecode.c.objc; name = SetupView.m; path = Classes/SetupView.m; sourceTree = "<group>"; };
		9FC5988612132AF600273FCC /* SemesterMembership.h */ = {isa = PBXFileReference; fileEncoding = 4; lastKnownFileType = sourcecode.c.h; path = SemesterMembership.h; sourceTree = "<group>"; };
		9FC5988712132AF600273FCC /* SemesterMembership.m */ = {isa = PBXFileReference; fileEncoding = 4; lastKnownFileType = sourcecode.c.objc; path = SemesterMembership.m; sourceTree = "<group>"; };
		9FC5988812132AF600273FCC /* Person.h */ = {isa = PBXFileReference; fileEncoding = 4; lastKnownFileType = sourcecode.c.h; path = Person.h; sourceTree = "<group>"; };
		9FC5988912132AF600273FCC /* Person.m */ = {isa = PBXFileReference; fileEncoding = 4; lastKnownFileType = sourcecode.c.objc; path = Person.m; sourceTree = "<group>"; };
		9FC5988A12132AF600273FCC /* Semester.h */ = {isa = PBXFileReference; fileEncoding = 4; lastKnownFileType = sourcecode.c.h; path = Semester.h; sourceTree = "<group>"; };
		9FC5988B12132AF600273FCC /* Semester.m */ = {isa = PBXFileReference; fileEncoding = 4; lastKnownFileType = sourcecode.c.objc; path = Semester.m; sourceTree = "<group>"; };
		9FC5988C12132AF600273FCC /* YearMembership.h */ = {isa = PBXFileReference; fileEncoding = 4; lastKnownFileType = sourcecode.c.h; path = YearMembership.h; sourceTree = "<group>"; };
		9FC5988D12132AF600273FCC /* YearMembership.m */ = {isa = PBXFileReference; fileEncoding = 4; lastKnownFileType = sourcecode.c.objc; path = YearMembership.m; sourceTree = "<group>"; };
		9FC59B2F121469EE00273FCC /* FrittRegnskap.xcdatamodel */ = {isa = PBXFileReference; fileEncoding = 4; lastKnownFileType = wrapper.xcdatamodel; path = FrittRegnskap.xcdatamodel; sourceTree = "<group>"; };
		9FC59CB31215A98000273FCC /* 19-gear.png */ = {isa = PBXFileReference; lastKnownFileType = image.png; path = "19-gear.png"; sourceTree = "<group>"; };
		9FC59CB51215A9AD00273FCC /* FrittRegnskapIcon.png */ = {isa = PBXFileReference; lastKnownFileType = image.png; path = FrittRegnskapIcon.png; sourceTree = "<group>"; };
		9FC59D691215C35300273FCC /* PersonView.m */ = {isa = PBXFileReference; fileEncoding = 4; lastKnownFileType = sourcecode.c.objc; name = PersonView.m; path = Classes/PersonView.m; sourceTree = "<group>"; };
		9FC59D6A1215C35300273FCC /* PersonView.h */ = {isa = PBXFileReference; fileEncoding = 4; lastKnownFileType = sourcecode.c.h; name = PersonView.h; path = Classes/PersonView.h; sourceTree = "<group>"; };
/* End PBXFileReference section */

/* Begin PBXFrameworksBuildPhase section */
		1D60588F0D05DD3D006BFB54 /* Frameworks */ = {
			isa = PBXFrameworksBuildPhase;
			buildActionMask = 2147483647;
			files = (
				1D60589F0D05DD5A006BFB54 /* Foundation.framework in Frameworks */,
				1DF5F4E00D08C38300B7A737 /* UIKit.framework in Frameworks */,
				288765A50DF7441C002DB57D /* CoreGraphics.framework in Frameworks */,
				9F924CCB121328D3007DB7F1 /* CoreData.framework in Frameworks */,
			);
			runOnlyForDeploymentPostprocessing = 0;
		};
/* End PBXFrameworksBuildPhase section */

/* Begin PBXGroup section */
		19C28FACFE9D520D11CA2CBB /* Products */ = {
			isa = PBXGroup;
			children = (
				1D6058910D05DD3D006BFB54 /* FrittRegnskap.app */,
			);
			name = Products;
			sourceTree = "<group>";
		};
		29B97314FDCFA39411CA2CEA /* CustomTemplate */ = {
			isa = PBXGroup;
			children = (
				9FC5988512132AF600273FCC /* model */,
				9F924A8512100A8A007DB7F1 /* JSON */,
				9FBEC3F4120F3F780078170A /* SetupView.h */,
				9FBEC3F5120F3F780078170A /* SetupView.m */,
				9F5814FF120EC21B00C2D93D /* MainView.h */,
				9F581500120EC21B00C2D93D /* MainView.m */,
				9FC59D691215C35300273FCC /* PersonView.m */,
				9FC59D6A1215C35300273FCC /* PersonView.h */,
				9F924C3C121311B5007DB7F1 /* FrittRegnskapViewController.h */,
				9F924C3D121311B5007DB7F1 /* FrittRegnskapViewController.m */,
				1D3623240D0F684500981E51 /* FrittRegnskapAppDelegate.h */,
				1D3623250D0F684500981E51 /* FrittRegnskapAppDelegate.m */,
				9FA34A9F12173DEF001F52C6 /* PersonUIViewController.m */,
				9FA34AA012173DEF001F52C6 /* PersonUIViewController.h */,
				9F96989F12175371003E0CC0 /* PersonDetailsUIController.h */,
				9F9698A012175371003E0CC0 /* PersonDetailsUIController.m */,
				9F53EF52121F225200889A15 /* MembersViewUIController.h */,
				9F53EF53121F225200889A15 /* MembersViewUIController.m */,
				29B97315FDCFA39411CA2CEA /* Other Sources */,
				29B97317FDCFA39411CA2CEA /* Resources */,
				29B97323FDCFA39411CA2CEA /* Frameworks */,
				19C28FACFE9D520D11CA2CBB /* Products */,
			);
			name = CustomTemplate;
			sourceTree = "<group>";
		};
		29B97315FDCFA39411CA2CEA /* Other Sources */ = {
			isa = PBXGroup;
			children = (
				32CA4F630368D1EE00C91783 /* FrittRegnskap_Prefix.pch */,
				29B97316FDCFA39411CA2CEA /* main.m */,
			);
			name = "Other Sources";
			sourceTree = "<group>";
		};
		29B97317FDCFA39411CA2CEA /* Resources */ = {
			isa = PBXGroup;
			children = (
				9F6FAEAE12188F55000CDC17 /* go-next.png */,
				9F6FAEAF12188F55000CDC17 /* go-previous.png */,
				9FC59CB51215A9AD00273FCC /* FrittRegnskapIcon.png */,
				9FC59CB31215A98000273FCC /* 19-gear.png */,
				9FC59B2F121469EE00273FCC /* FrittRegnskap.xcdatamodel */,
				28AD733E0D9D9553002E5188 /* MainWindow.xib */,
				8D1107310486CEB800E47090 /* FrittRegnskap-Info.plist */,
				9F924B911211A3AB007DB7F1 /* FrittRegnskap.xcdatamodel */,
			);
			name = Resources;
			sourceTree = "<group>";
		};
		29B97323FDCFA39411CA2CEA /* Frameworks */ = {
			isa = PBXGroup;
			children = (
				1DF5F4DF0D08C38300B7A737 /* UIKit.framework */,
				1D30AB110D05D00D00671497 /* Foundation.framework */,
				288765A40DF7441C002DB57D /* CoreGraphics.framework */,
				9F924CCA121328D3007DB7F1 /* CoreData.framework */,
			);
			name = Frameworks;
			sourceTree = "<group>";
		};
		9F924A8512100A8A007DB7F1 /* JSON */ = {
			isa = PBXGroup;
			children = (
				9F924A8612100A8A007DB7F1 /* JSON.h */,
				9F924A8712100A8A007DB7F1 /* NSObject+SBJSON.h */,
				9F924A8812100A8A007DB7F1 /* NSObject+SBJSON.m */,
				9F924A8912100A8A007DB7F1 /* NSString+SBJSON.h */,
				9F924A8A12100A8A007DB7F1 /* NSString+SBJSON.m */,
				9F924A8B12100A8A007DB7F1 /* SBJsonBase.h */,
				9F924A8C12100A8A007DB7F1 /* SBJsonBase.m */,
				9F924A8D12100A8A007DB7F1 /* SBJsonParser.h */,
				9F924A8E12100A8A007DB7F1 /* SBJsonParser.m */,
				9F924A8F12100A8A007DB7F1 /* SBJsonWriter.h */,
				9F924A9012100A8A007DB7F1 /* SBJsonWriter.m */,
			);
			name = JSON;
			path = Classes/JSON;
			sourceTree = "<group>";
		};
		9FC5988512132AF600273FCC /* model */ = {
			isa = PBXGroup;
			children = (
				9FC5988612132AF600273FCC /* SemesterMembership.h */,
				9FC5988712132AF600273FCC /* SemesterMembership.m */,
				9FC5988812132AF600273FCC /* Person.h */,
				9FC5988912132AF600273FCC /* Person.m */,
				9FC5988A12132AF600273FCC /* Semester.h */,
				9FC5988B12132AF600273FCC /* Semester.m */,
				9FC5988C12132AF600273FCC /* YearMembership.h */,
				9FC5988D12132AF600273FCC /* YearMembership.m */,
			);
			path = model;
			sourceTree = "<group>";
		};
/* End PBXGroup section */

/* Begin PBXNativeTarget section */
		1D6058900D05DD3D006BFB54 /* FrittRegnskap */ = {
			isa = PBXNativeTarget;
			buildConfigurationList = 1D6058960D05DD3E006BFB54 /* Build configuration list for PBXNativeTarget "FrittRegnskap" */;
			buildPhases = (
				1D60588D0D05DD3D006BFB54 /* Resources */,
				1D60588E0D05DD3D006BFB54 /* Sources */,
				1D60588F0D05DD3D006BFB54 /* Frameworks */,
			);
			buildRules = (
			);
			dependencies = (
			);
			name = FrittRegnskap;
			productName = FrittRegnskap;
			productReference = 1D6058910D05DD3D006BFB54 /* FrittRegnskap.app */;
			productType = "com.apple.product-type.application";
		};
/* End PBXNativeTarget section */

/* Begin PBXProject section */
		29B97313FDCFA39411CA2CEA /* Project object */ = {
			isa = PBXProject;
			buildConfigurationList = C01FCF4E08A954540054247B /* Build configuration list for PBXProject "FrittRegnskap" */;
			compatibilityVersion = "Xcode 3.1";
			hasScannedForEncodings = 1;
			mainGroup = 29B97314FDCFA39411CA2CEA /* CustomTemplate */;
			projectDirPath = "";
			projectRoot = "";
			targets = (
				1D6058900D05DD3D006BFB54 /* FrittRegnskap */,
			);
		};
/* End PBXProject section */

/* Begin PBXResourcesBuildPhase section */
		1D60588D0D05DD3D006BFB54 /* Resources */ = {
			isa = PBXResourcesBuildPhase;
			buildActionMask = 2147483647;
			files = (
				28AD733F0D9D9553002E5188 /* MainWindow.xib in Resources */,
				9FC59CB41215A98000273FCC /* 19-gear.png in Resources */,
				9FC59CB61215A9AD00273FCC /* FrittRegnskapIcon.png in Resources */,
				9F6FAEB012188F55000CDC17 /* go-next.png in Resources */,
				9F6FAEB112188F55000CDC17 /* go-previous.png in Resources */,
			);
			runOnlyForDeploymentPostprocessing = 0;
		};
/* End PBXResourcesBuildPhase section */

/* Begin PBXSourcesBuildPhase section */
		1D60588E0D05DD3D006BFB54 /* Sources */ = {
			isa = PBXSourcesBuildPhase;
			buildActionMask = 2147483647;
			files = (
				1D60589B0D05DD56006BFB54 /* main.m in Sources */,
				1D3623260D0F684500981E51 /* FrittRegnskapAppDelegate.m in Sources */,
				9F581501120EC21B00C2D93D /* MainView.m in Sources */,
				9FBEC3F6120F3F780078170A /* SetupView.m in Sources */,
				9F924A9112100A8A007DB7F1 /* NSObject+SBJSON.m in Sources */,
				9F924A9212100A8A007DB7F1 /* NSString+SBJSON.m in Sources */,
				9F924A9312100A8A007DB7F1 /* SBJsonBase.m in Sources */,
				9F924A9412100A8A007DB7F1 /* SBJsonParser.m in Sources */,
				9F924A9512100A8A007DB7F1 /* SBJsonWriter.m in Sources */,
				9F924B921211A3AB007DB7F1 /* FrittRegnskap.xcdatamodel in Sources */,
				9F924C3E121311B5007DB7F1 /* FrittRegnskapViewController.m in Sources */,
				9FC5988E12132AF600273FCC /* SemesterMembership.m in Sources */,
				9FC5988F12132AF600273FCC /* Person.m in Sources */,
				9FC5989012132AF600273FCC /* Semester.m in Sources */,
				9FC5989112132AF600273FCC /* YearMembership.m in Sources */,
				9FC59B30121469EE00273FCC /* FrittRegnskap.xcdatamodel in Sources */,
				9FC59D6B1215C35300273FCC /* PersonView.m in Sources */,
				9FA34AA112173DEF001F52C6 /* PersonUIViewController.m in Sources */,
				9F9698A112175371003E0CC0 /* PersonDetailsUIController.m in Sources */,
				9F53EF54121F225200889A15 /* MembersViewUIController.m in Sources */,
			);
			runOnlyForDeploymentPostprocessing = 0;
		};
/* End PBXSourcesBuildPhase section */

/* Begin XCBuildConfiguration section */
		1D6058940D05DD3E006BFB54 /* Debug */ = {
			isa = XCBuildConfiguration;
			buildSettings = {
				ALWAYS_SEARCH_USER_PATHS = NO;
				COPY_PHASE_STRIP = NO;
				GCC_DYNAMIC_NO_PIC = NO;
				GCC_OPTIMIZATION_LEVEL = 0;
				GCC_PRECOMPILE_PREFIX_HEADER = YES;
				GCC_PREFIX_HEADER = FrittRegnskap_Prefix.pch;
				INFOPLIST_FILE = "FrittRegnskap-Info.plist";
				PRODUCT_NAME = FrittRegnskap;
			};
			name = Debug;
		};
		1D6058950D05DD3E006BFB54 /* Release */ = {
			isa = XCBuildConfiguration;
			buildSettings = {
				ALWAYS_SEARCH_USER_PATHS = NO;
				COPY_PHASE_STRIP = YES;
				GCC_PRECOMPILE_PREFIX_HEADER = YES;
				GCC_PREFIX_HEADER = FrittRegnskap_Prefix.pch;
				INFOPLIST_FILE = "FrittRegnskap-Info.plist";
				PRODUCT_NAME = FrittRegnskap;
				VALIDATE_PRODUCT = YES;
			};
			name = Release;
		};
		C01FCF4F08A954540054247B /* Debug */ = {
			isa = XCBuildConfiguration;
			buildSettings = {
				ARCHS = "$(ARCHS_STANDARD_32_BIT)";
				"CODE_SIGN_IDENTITY[sdk=iphoneos*]" = "iPhone Developer";
				GCC_C_LANGUAGE_STANDARD = c99;
				GCC_WARN_ABOUT_RETURN_TYPE = YES;
				GCC_WARN_UNUSED_VARIABLE = YES;
				PREBINDING = NO;
				SDKROOT = iphoneos4.0;
			};
			name = Debug;
		};
		C01FCF5008A954540054247B /* Release */ = {
			isa = XCBuildConfiguration;
			buildSettings = {
				ARCHS = "$(ARCHS_STANDARD_32_BIT)";
				"CODE_SIGN_IDENTITY[sdk=iphoneos*]" = "iPhone Developer";
				GCC_C_LANGUAGE_STANDARD = c99;
				GCC_WARN_ABOUT_RETURN_TYPE = YES;
				GCC_WARN_UNUSED_VARIABLE = YES;
				OTHER_CFLAGS = "-DNS_BLOCK_ASSERTIONS=1";
				PREBINDING = NO;
				SDKROOT = iphoneos4.0;
			};
			name = Release;
		};
/* End XCBuildConfiguration section */

/* Begin XCConfigurationList section */
		1D6058960D05DD3E006BFB54 /* Build configuration list for PBXNativeTarget "FrittRegnskap" */ = {
			isa = XCConfigurationList;
			buildConfigurations = (
				1D6058940D05DD3E006BFB54 /* Debug */,
				1D6058950D05DD3E006BFB54 /* Release */,
			);
			defaultConfigurationIsVisible = 0;
			defaultConfigurationName = Release;
		};
		C01FCF4E08A954540054247B /* Build configuration list for PBXProject "FrittRegnskap" */ = {
			isa = XCConfigurationList;
			buildConfigurations = (
				C01FCF4F08A954540054247B /* Debug */,
				C01FCF5008A954540054247B /* Release */,
			);
			defaultConfigurationIsVisible = 0;
			defaultConfigurationName = Release;
		};
/* End XCConfigurationList section */
	};
	rootObject = 29B97313FDCFA39411CA2CEA /* Project object */;
}
